
Microsoft Visual Studio Solution File, Format Version 12.00
Project("{FAE04EC0-301F-11D3-BF4B-00C04F79EFBC}") = "ConMirellaApi", "ConMirellaApi.csproj", "{234E5648-4226-4248-AD06-EE98F5E03193}"
EndProject
Global
	GlobalSection(SolutionConfigurationPlatforms) = preSolution
		Debug|Any CPU = Debug|Any CPU
		Release|Any CPU = Release|Any CPU
	EndGlobalSection
	GlobalSection(ProjectConfigurationPlatforms) = postSolution
		{234E5648-4226-4248-AD06-EE98F5E03193}.Debug|Any CPU.ActiveCfg = Debug|Any CPU
		{234E5648-4226-4248-AD06-EE98F5E03193}.Debug|Any CPU.Build.0 = Debug|Any CPU
		{234E5648-4226-4248-AD06-EE98F5E03193}.Release|Any CPU.ActiveCfg = Release|Any CPU
		{234E5648-4226-4248-AD06-EE98F5E03193}.Release|Any CPU.Build.0 = Release|Any CPU
	EndGlobalSection
EndGlobal
